
Microsoft Visual Studio Solution File, Format Version 12.00
# Visual Studio Version 16
VisualStudioVersion = 16.0.29920.165
MinimumVisualStudioVersion = 10.0.40219.1
Project("{FAE04EC0-301F-11D3-BF4B-00C04F79EFBC}") = "GUI", "BanVeRapChieuPhim\GUI.csproj", "{2412110C-C708-47BC-82F3-650A191B04C8}"
EndProject
Project("{FAE04EC0-301F-11D3-BF4B-00C04F79EFBC}") = "BUS", "BUS\BUS.csproj", "{C5DC7142-096A-4DBF-9EBA-FFFC7A867974}"
EndProject
Project("{FAE04EC0-301F-11D3-BF4B-00C04F79EFBC}") = "DAL", "DAL\DAL.csproj", "{2F2C4BBF-4A5F-44A2-A8F3-12FAA08DEF62}"
EndProject
Global
	GlobalSection(SolutionConfigurationPlatforms) = preSolution
		Debug|Any CPU = Debug|Any CPU
		Release|Any CPU = Release|Any CPU
	EndGlobalSection
	GlobalSection(ProjectConfigurationPlatforms) = postSolution
		{2412110C-C708-47BC-82F3-650A191B04C8}.Debug|Any CPU.ActiveCfg = Debug|Any CPU
		{2412110C-C708-47BC-82F3-650A191B04C8}.Debug|Any CPU.Build.0 = Debug|Any CPU
		{2412110C-C708-47BC-82F3-650A191B04C8}.Release|Any CPU.ActiveCfg = Release|Any CPU
		{2412110C-C708-47BC-82F3-650A191B04C8}.Release|Any CPU.Build.0 = Release|Any CPU
		{C5DC7142-096A-4DBF-9EBA-FFFC7A867974}.Debug|Any CPU.ActiveCfg = Debug|Any CPU
		{C5DC7142-096A-4DBF-9EBA-FFFC7A867974}.Debug|Any CPU.Build.0 = Debug|Any CPU
		{C5DC7142-096A-4DBF-9EBA-FFFC7A867974}.Release|Any CPU.ActiveCfg = Release|Any CPU
		{C5DC7142-096A-4DBF-9EBA-FFFC7A867974}.Release|Any CPU.Build.0 = Release|Any CPU
		{2F2C4BBF-4A5F-44A2-A8F3-12FAA08DEF62}.Debug|Any CPU.ActiveCfg = Debug|Any CPU
		{2F2C4BBF-4A5F-44A2-A8F3-12FAA08DEF62}.Debug|Any CPU.Build.0 = Debug|Any CPU
		{2F2C4BBF-4A5F-44A2-A8F3-12FAA08DEF62}.Release|Any CPU.ActiveCfg = Release|Any CPU
		{2F2C4BBF-4A5F-44A2-A8F3-12FAA08DEF62}.Release|Any CPU.Build.0 = Release|Any CPU
	EndGlobalSection
	GlobalSection(SolutionProperties) = preSolution
		HideSolutionNode = FALSE
	EndGlobalSection
	GlobalSection(ExtensibilityGlobals) = postSolution
		SolutionGuid = {807CCAC5-21FE-4465-884C-FCFC1739F3CF}
	EndGlobalSection
EndGlobal
